# THIS IS AN AUTOGENERATED FILE. DO NOT EDIT THIS FILE DIRECTLY.
# yarn lockfile v1


"@babel/runtime@^7.12.5":
  version "7.28.6"
  resolved "https://registry.yarnpkg.com/@babel/runtime/-/runtime-7.28.6.tgz#d267a43cb1836dc4d182cce93ae75ba954ef6d2b"
  integrity sha512-05WQkdpL9COIMz4LjTxGpPNCdlpyimKppYNoJ5Di5EUObifl8t4tuLuUBBZEpoLYOmfvIWrsp9fCl0HoPRVTdA==

"@module-federation/bridge-react@^2.0.0":
  version "2.0.0"
  resolved "https://registry.yarnpkg.com/@module-federation/bridge-react/-/bridge-react-2.0.0.tgz#98b2f78bbd3792ccc07de95abee92cc0b9ee933b"
  integrity sha512-TVkIxvlRk5vo4CYuId3Kj2JcyjkhiMq2LwKDcZsXC+8Ohwt8olfKJ6y40rCViXwGUSns1TRBtzPD6EikMXlYZg==
  dependencies:
    "@module-federation/bridge-shared" "2.0.0"
    "@module-federation/sdk" "2.0.0"
    lru-cache "^10.4.3"
    react-error-boundary "^4.1.2"

"@module-federation/bridge-shared@2.0.0":
  version "2.0.0"
  resolved "https://registry.yarnpkg.com/@module-federation/bridge-shared/-/bridge-shared-2.0.0.tgz#1ebff4819ab8dbbd84278268d7107c15642f7dc3"
  integrity sha512-kid2tyGOjX02da/kjjHtkw035M7NHiD8UGynBfZBi9mznAWUUReT0n8EHyvTIdBpj7S4AQKHpwppPCrg7Rv3ZA==

"@module-federation/bridge-vue3@^2.0.0":
  version "2.0.0"
  resolved "https://registry.yarnpkg.com/@module-federation/bridge-vue3/-/bridge-vue3-2.0.0.tgz#3d6f5a015a3692fd632156fd62a7fb9f1884db21"
  integrity sha512-85X/Od1cJ3P75X1hWvSB7+vXO5p55tNkHoz3ePTfOI8DGbVPEuQpid37X09HJeS7Umf9PP5g35oosWseQqM7XQ==
  dependencies:
    "@module-federation/bridge-shared" "2.0.0"
    "@module-federation/runtime" "2.0.0"
    "@module-federation/sdk" "2.0.0"

"@module-federation/error-codes@2.0.0":
  version "2.0.0"
  resolved "https://registry.yarnpkg.com/@module-federation/error-codes/-/error-codes-2.0.0.tgz#f0963cbba4127969c05310d315c93021387f8b7d"
  integrity sha512-9oE+hXuPv2zej7AxJ5hOgeRqlPs98meooV2FiutTfftLAyy2N6+Kwmmz5NR9d9t91weJj8N0cSHFoyenNHKTVg==

"@module-federation/runtime-core@2.0.0":
  version "2.0.0"
  resolved "https://registry.yarnpkg.com/@module-federation/runtime-core/-/runtime-core-2.0.0.tgz#8e201eb7f22dfb54643add30ceba205f1a1fda54"
  integrity sha512-UhIGUs7Mg+TwMI2lgaLnj4UehpoyXbR7HDb2+vLikgBulPmFtodeWfsxCgENEwKsIY1vS0lOun15lNOn1vo3Xg==
  dependencies:
    "@module-federation/error-codes" "2.0.0"
    "@module-federation/sdk" "2.0.0"

"@module-federation/runtime@2.0.0", "@module-federation/runtime@^2.0.0":
  version "2.0.0"
  resolved "https://registry.yarnpkg.com/@module-federation/runtime/-/runtime-2.0.0.tgz#a2c5816ad4f21fc36d1bbe4ccb9b453dd1be211a"
  integrity sha512-vPxQrmQNq3Z1T+1fkHEvFwTdJq9wuCLvdp/lpu9k2Oy7QP/Pj6QoQ/S7J5MCIAoRwj8Wj3z3ma21/DyHwLGvzA==
  dependencies:
    "@module-federation/error-codes" "2.0.0"
    "@module-federation/runtime-core" "2.0.0"
    "@module-federation/sdk" "2.0.0"

"@module-federation/sdk@2.0.0":
  version "2.0.0"
  resolved "https://registry.yarnpkg.com/@module-federation/sdk/-/sdk-2.0.0.tgz#e998011baff4059bf66542c47a32fe7557281e99"
  integrity sha512-JYd1wTulsaoLT7HTk2oXL5y5797Z+H4mzxuUEKnSJo7R34RZSqehsqPSND7n0HT/1nf7uyn0Rb4qBfR3BVvdHQ==

lru-cache@^10.4.3:
  version "10.4.3"
  resolved "https://registry.yarnpkg.com/lru-cache/-/lru-cache-10.4.3.tgz#410fc8a17b70e598013df257c2446b7f3383f119"
  integrity sha512-JNAzZcXrCt42VGLuYz0zfAzDfAvJWW6AfYlDBQyDV5DClI2m5sAmK+OIO7s59XfsRsWHp02jAJrRadPRGTt6SQ==

react-error-boundary@^4.1.2:
  version "4.1.2"
  resolved "https://registry.yarnpkg.com/react-error-boundary/-/react-error-boundary-4.1.2.tgz#bc750ad962edb8b135d6ae922c046051eb58f289"
  integrity sha512-GQDxZ5Jd+Aq/qUxbCm1UtzmL/s++V7zKgE8yMktJiCQXCCFZnMZh9ng+6/Ne6PjNSXH0L9CjeOEREfRnq6Duag==
  dependencies:
    "@babel/runtime" "^7.12.5"
